
Microsoft Visual Studio Solution File, Format Version 12.00
# Visual Studio 15
VisualStudioVersion = 15.0.26124.0
MinimumVisualStudioVersion = 15.0.26124.0
Project("{FAE04EC0-301F-11D3-BF4B-00C04F79EFBC}") = "StackErp.App", "App\StackErp.App.csproj", "{3750C2C0-145D-4F69-898F-0131C5EFFC55}"
EndProject
Project("{FAE04EC0-301F-11D3-BF4B-00C04F79EFBC}") = "StackErp.Core", "Core\StackErp.Core.csproj", "{4FF581BA-C799-4BBB-AF3E-85891CC48935}"
EndProject
Project("{FAE04EC0-301F-11D3-BF4B-00C04F79EFBC}") = "StackErp.DB", "DB\StackErp.DB.csproj", "{FB08C1A0-E49A-4AD8-B28B-28A9B41CDDB1}"
EndProject
Project("{FAE04EC0-301F-11D3-BF4B-00C04F79EFBC}") = "StackErp.Model", "Model\StackErp.Model.csproj", "{ABF2D826-0C6F-4782-B1E6-F20EB2F60123}"
EndProject
Project("{FAE04EC0-301F-11D3-BF4B-00C04F79EFBC}") = "StackErp.ViewModel", "ViewModel\StackErp.ViewModel.csproj", "{A854F773-7A22-45C0-9E4C-88D674F526DC}"
EndProject
Global
	GlobalSection(SolutionConfigurationPlatforms) = preSolution
		Debug|Any CPU = Debug|Any CPU
		Debug|x64 = Debug|x64
		Debug|x86 = Debug|x86
		Release|Any CPU = Release|Any CPU
		Release|x64 = Release|x64
		Release|x86 = Release|x86
	EndGlobalSection
	GlobalSection(SolutionProperties) = preSolution
		HideSolutionNode = FALSE
	EndGlobalSection
	GlobalSection(ProjectConfigurationPlatforms) = postSolution
		{3750C2C0-145D-4F69-898F-0131C5EFFC55}.Debug|Any CPU.ActiveCfg = Debug|Any CPU
		{3750C2C0-145D-4F69-898F-0131C5EFFC55}.Debug|Any CPU.Build.0 = Debug|Any CPU
		{3750C2C0-145D-4F69-898F-0131C5EFFC55}.Debug|x64.ActiveCfg = Debug|Any CPU
		{3750C2C0-145D-4F69-898F-0131C5EFFC55}.Debug|x64.Build.0 = Debug|Any CPU
		{3750C2C0-145D-4F69-898F-0131C5EFFC55}.Debug|x86.ActiveCfg = Debug|Any CPU
		{3750C2C0-145D-4F69-898F-0131C5EFFC55}.Debug|x86.Build.0 = Debug|Any CPU
		{3750C2C0-145D-4F69-898F-0131C5EFFC55}.Release|Any CPU.ActiveCfg = Release|Any CPU
		{3750C2C0-145D-4F69-898F-0131C5EFFC55}.Release|Any CPU.Build.0 = Release|Any CPU
		{3750C2C0-145D-4F69-898F-0131C5EFFC55}.Release|x64.ActiveCfg = Release|Any CPU
		{3750C2C0-145D-4F69-898F-0131C5EFFC55}.Release|x64.Build.0 = Release|Any CPU
		{3750C2C0-145D-4F69-898F-0131C5EFFC55}.Release|x86.ActiveCfg = Release|Any CPU
		{3750C2C0-145D-4F69-898F-0131C5EFFC55}.Release|x86.Build.0 = Release|Any CPU
		{4FF581BA-C799-4BBB-AF3E-85891CC48935}.Debug|Any CPU.ActiveCfg = Debug|Any CPU
		{4FF581BA-C799-4BBB-AF3E-85891CC48935}.Debug|Any CPU.Build.0 = Debug|Any CPU
		{4FF581BA-C799-4BBB-AF3E-85891CC48935}.Debug|x64.ActiveCfg = Debug|Any CPU
		{4FF581BA-C799-4BBB-AF3E-85891CC48935}.Debug|x64.Build.0 = Debug|Any CPU
		{4FF581BA-C799-4BBB-AF3E-85891CC48935}.Debug|x86.ActiveCfg = Debug|Any CPU
		{4FF581BA-C799-4BBB-AF3E-85891CC48935}.Debug|x86.Build.0 = Debug|Any CPU
		{4FF581BA-C799-4BBB-AF3E-85891CC48935}.Release|Any CPU.ActiveCfg = Release|Any CPU
		{4FF581BA-C799-4BBB-AF3E-85891CC48935}.Release|Any CPU.Build.0 = Release|Any CPU
		{4FF581BA-C799-4BBB-AF3E-85891CC48935}.Release|x64.ActiveCfg = Release|Any CPU
		{4FF581BA-C799-4BBB-AF3E-85891CC48935}.Release|x64.Build.0 = Release|Any CPU
		{4FF581BA-C799-4BBB-AF3E-85891CC48935}.Release|x86.ActiveCfg = Release|Any CPU
		{4FF581BA-C799-4BBB-AF3E-85891CC48935}.Release|x86.Build.0 = Release|Any CPU
		{FB08C1A0-E49A-4AD8-B28B-28A9B41CDDB1}.Debug|Any CPU.ActiveCfg = Debug|Any CPU
		{FB08C1A0-E49A-4AD8-B28B-28A9B41CDDB1}.Debug|Any CPU.Build.0 = Debug|Any CPU
		{FB08C1A0-E49A-4AD8-B28B-28A9B41CDDB1}.Debug|x64.ActiveCfg = Debug|Any CPU
		{FB08C1A0-E49A-4AD8-B28B-28A9B41CDDB1}.Debug|x64.Build.0 = Debug|Any CPU
		{FB08C1A0-E49A-4AD8-B28B-28A9B41CDDB1}.Debug|x86.ActiveCfg = Debug|Any CPU
		{FB08C1A0-E49A-4AD8-B28B-28A9B41CDDB1}.Debug|x86.Build.0 = Debug|Any CPU
		{FB08C1A0-E49A-4AD8-B28B-28A9B41CDDB1}.Release|Any CPU.ActiveCfg = Release|Any CPU
		{FB08C1A0-E49A-4AD8-B28B-28A9B41CDDB1}.Release|Any CPU.Build.0 = Release|Any CPU
		{FB08C1A0-E49A-4AD8-B28B-28A9B41CDDB1}.Release|x64.ActiveCfg = Release|Any CPU
		{FB08C1A0-E49A-4AD8-B28B-28A9B41CDDB1}.Release|x64.Build.0 = Release|Any CPU
		{FB08C1A0-E49A-4AD8-B28B-28A9B41CDDB1}.Release|x86.ActiveCfg = Release|Any CPU
		{FB08C1A0-E49A-4AD8-B28B-28A9B41CDDB1}.Release|x86.Build.0 = Release|Any CPU
		{ABF2D826-0C6F-4782-B1E6-F20EB2F60123}.Debug|Any CPU.ActiveCfg = Debug|Any CPU
		{ABF2D826-0C6F-4782-B1E6-F20EB2F60123}.Debug|Any CPU.Build.0 = Debug|Any CPU
		{ABF2D826-0C6F-4782-B1E6-F20EB2F60123}.Debug|x64.ActiveCfg = Debug|Any CPU
		{ABF2D826-0C6F-4782-B1E6-F20EB2F60123}.Debug|x64.Build.0 = Debug|Any CPU
		{ABF2D826-0C6F-4782-B1E6-F20EB2F60123}.Debug|x86.ActiveCfg = Debug|Any CPU
		{ABF2D826-0C6F-4782-B1E6-F20EB2F60123}.Debug|x86.Build.0 = Debug|Any CPU
		{ABF2D826-0C6F-4782-B1E6-F20EB2F60123}.Release|Any CPU.ActiveCfg = Release|Any CPU
		{ABF2D826-0C6F-4782-B1E6-F20EB2F60123}.Release|Any CPU.Build.0 = Release|Any CPU
		{ABF2D826-0C6F-4782-B1E6-F20EB2F60123}.Release|x64.ActiveCfg = Release|Any CPU
		{ABF2D826-0C6F-4782-B1E6-F20EB2F60123}.Release|x64.Build.0 = Release|Any CPU
		{ABF2D826-0C6F-4782-B1E6-F20EB2F60123}.Release|x86.ActiveCfg = Release|Any CPU
		{ABF2D826-0C6F-4782-B1E6-F20EB2F60123}.Release|x86.Build.0 = Release|Any CPU
		{A854F773-7A22-45C0-9E4C-88D674F526DC}.Debug|Any CPU.ActiveCfg = Debug|Any CPU
		{A854F773-7A22-45C0-9E4C-88D674F526DC}.Debug|Any CPU.Build.0 = Debug|Any CPU
		{A854F773-7A22-45C0-9E4C-88D674F526DC}.Debug|x64.ActiveCfg = Debug|Any CPU
		{A854F773-7A22-45C0-9E4C-88D674F526DC}.Debug|x64.Build.0 = Debug|Any CPU
		{A854F773-7A22-45C0-9E4C-88D674F526DC}.Debug|x86.ActiveCfg = Debug|Any CPU
		{A854F773-7A22-45C0-9E4C-88D674F526DC}.Debug|x86.Build.0 = Debug|Any CPU
		{A854F773-7A22-45C0-9E4C-88D674F526DC}.Release|Any CPU.ActiveCfg = Release|Any CPU
		{A854F773-7A22-45C0-9E4C-88D674F526DC}.Release|Any CPU.Build.0 = Release|Any CPU
		{A854F773-7A22-45C0-9E4C-88D674F526DC}.Release|x64.ActiveCfg = Release|Any CPU
		{A854F773-7A22-45C0-9E4C-88D674F526DC}.Release|x64.Build.0 = Release|Any CPU
		{A854F773-7A22-45C0-9E4C-88D674F526DC}.Release|x86.ActiveCfg = Release|Any CPU
		{A854F773-7A22-45C0-9E4C-88D674F526DC}.Release|x86.Build.0 = Release|Any CPU
	EndGlobalSection
EndGlobal
